
Microsoft Visual Studio Solution File, Format Version 12.00
# Visual Studio Version 17
VisualStudioVersion = 17.7.34221.43
MinimumVisualStudioVersion = 10.0.40219.1
Project("{8BC9CEB8-8B4A-11D0-8D11-00A0C91BC942}") = "vector", "vector\vector.vcxproj", "{DA3D8741-541A-4EFD-B81E-5878E0C6E8BC}"
EndProject
Project("{8BC9CEB8-8B4A-11D0-8D11-00A0C91BC942}") = "复数类", "复数类\复数类.vcxproj", "{CA982ABC-664E-4F51-9DBC-668B6349ABD8}"
EndProject
Project("{8BC9CEB8-8B4A-11D0-8D11-00A0C91BC942}") = "string类", "string类\string类.vcxproj", "{1BFDAADB-7CDE-4579-B1C5-5A1F66A536D5}"
EndProject
Project("{8BC9CEB8-8B4A-11D0-8D11-00A0C91BC942}") = "string类的iterator", "string类的iterator\string类的iterator.vcxproj", "{8134960E-F33E-4D60-A758-15EE189B66B0}"
EndProject
Project("{8BC9CEB8-8B4A-11D0-8D11-00A0C91BC942}") = "vector带iterator", "vector带iterator\vector带iterator.vcxproj", "{4B691C2E-F524-4A8E-9153-9A773B3A066D}"
EndProject
Project("{8BC9CEB8-8B4A-11D0-8D11-00A0C91BC942}") = "迭代器失效(vector)", "迭代器失效(vector)\迭代器失效(vector).vcxproj", "{2BF10202-32EF-4300-A09A-76C5235B01D3}"
EndProject
Project("{8BC9CEB8-8B4A-11D0-8D11-00A0C91BC942}") = "new和delete", "new和delete\new和delete.vcxproj", "{11E9F99B-8A02-4570-BE84-40FC7DA7A26C}"
EndProject
Project("{8BC9CEB8-8B4A-11D0-8D11-00A0C91BC942}") = "new和delete重载实现对象池", "new和delete重载实现对象池\new和delete重载实现对象池.vcxproj", "{F940056C-9229-48FC-A432-5EFD56F4A49B}"
EndProject
Project("{8BC9CEB8-8B4A-11D0-8D11-00A0C91BC942}") = "虚函数、静态绑定、动态绑定", "虚函数、静态绑定、动态绑定\虚函数、静态绑定、动态绑定.vcxproj", "{7C251282-BE95-43E6-997E-A38ECC78505E}"
EndProject
Project("{8BC9CEB8-8B4A-11D0-8D11-00A0C91BC942}") = "虚析构函数", "虚析构函数\虚析构函数.vcxproj", "{11AD4D4D-94D6-4470-90AB-D4350BC66F42}"
EndProject
Global
	GlobalSection(SolutionConfigurationPlatforms) = preSolution
		Debug|x64 = Debug|x64
		Debug|x86 = Debug|x86
		Release|x64 = Release|x64
		Release|x86 = Release|x86
	EndGlobalSection
	GlobalSection(ProjectConfigurationPlatforms) = postSolution
		{DA3D8741-541A-4EFD-B81E-5878E0C6E8BC}.Debug|x64.ActiveCfg = Debug|x64
		{DA3D8741-541A-4EFD-B81E-5878E0C6E8BC}.Debug|x64.Build.0 = Debug|x64
		{DA3D8741-541A-4EFD-B81E-5878E0C6E8BC}.Debug|x86.ActiveCfg = Debug|Win32
		{DA3D8741-541A-4EFD-B81E-5878E0C6E8BC}.Debug|x86.Build.0 = Debug|Win32
		{DA3D8741-541A-4EFD-B81E-5878E0C6E8BC}.Release|x64.ActiveCfg = Release|x64
		{DA3D8741-541A-4EFD-B81E-5878E0C6E8BC}.Release|x64.Build.0 = Release|x64
		{DA3D8741-541A-4EFD-B81E-5878E0C6E8BC}.Release|x86.ActiveCfg = Release|Win32
		{DA3D8741-541A-4EFD-B81E-5878E0C6E8BC}.Release|x86.Build.0 = Release|Win32
		{CA982ABC-664E-4F51-9DBC-668B6349ABD8}.Debug|x64.ActiveCfg = Debug|x64
		{CA982ABC-664E-4F51-9DBC-668B6349ABD8}.Debug|x64.Build.0 = Debug|x64
		{CA982ABC-664E-4F51-9DBC-668B6349ABD8}.Debug|x86.ActiveCfg = Debug|Win32
		{CA982ABC-664E-4F51-9DBC-668B6349ABD8}.Debug|x86.Build.0 = Debug|Win32
		{CA982ABC-664E-4F51-9DBC-668B6349ABD8}.Release|x64.ActiveCfg = Release|x64
		{CA982ABC-664E-4F51-9DBC-668B6349ABD8}.Release|x64.Build.0 = Release|x64
		{CA982ABC-664E-4F51-9DBC-668B6349ABD8}.Release|x86.ActiveCfg = Release|Win32
		{CA982ABC-664E-4F51-9DBC-668B6349ABD8}.Release|x86.Build.0 = Release|Win32
		{1BFDAADB-7CDE-4579-B1C5-5A1F66A536D5}.Debug|x64.ActiveCfg = Debug|x64
		{1BFDAADB-7CDE-4579-B1C5-5A1F66A536D5}.Debug|x64.Build.0 = Debug|x64
		{1BFDAADB-7CDE-4579-B1C5-5A1F66A536D5}.Debug|x86.ActiveCfg = Debug|Win32
		{1BFDAADB-7CDE-4579-B1C5-5A1F66A536D5}.Debug|x86.Build.0 = Debug|Win32
		{1BFDAADB-7CDE-4579-B1C5-5A1F66A536D5}.Release|x64.ActiveCfg = Release|x64
		{1BFDAADB-7CDE-4579-B1C5-5A1F66A536D5}.Release|x64.Build.0 = Release|x64
		{1BFDAADB-7CDE-4579-B1C5-5A1F66A536D5}.Release|x86.ActiveCfg = Release|Win32
		{1BFDAADB-7CDE-4579-B1C5-5A1F66A536D5}.Release|x86.Build.0 = Release|Win32
		{8134960E-F33E-4D60-A758-15EE189B66B0}.Debug|x64.ActiveCfg = Debug|x64
		{8134960E-F33E-4D60-A758-15EE189B66B0}.Debug|x64.Build.0 = Debug|x64
		{8134960E-F33E-4D60-A758-15EE189B66B0}.Debug|x86.ActiveCfg = Debug|Win32
		{8134960E-F33E-4D60-A758-15EE189B66B0}.Debug|x86.Build.0 = Debug|Win32
		{8134960E-F33E-4D60-A758-15EE189B66B0}.Release|x64.ActiveCfg = Release|x64
		{8134960E-F33E-4D60-A758-15EE189B66B0}.Release|x64.Build.0 = Release|x64
		{8134960E-F33E-4D60-A758-15EE189B66B0}.Release|x86.ActiveCfg = Release|Win32
		{8134960E-F33E-4D60-A758-15EE189B66B0}.Release|x86.Build.0 = Release|Win32
		{4B691C2E-F524-4A8E-9153-9A773B3A066D}.Debug|x64.ActiveCfg = Debug|x64
		{4B691C2E-F524-4A8E-9153-9A773B3A066D}.Debug|x64.Build.0 = Debug|x64
		{4B691C2E-F524-4A8E-9153-9A773B3A066D}.Debug|x86.ActiveCfg = Debug|Win32
		{4B691C2E-F524-4A8E-9153-9A773B3A066D}.Debug|x86.Build.0 = Debug|Win32
		{4B691C2E-F524-4A8E-9153-9A773B3A066D}.Release|x64.ActiveCfg = Release|x64
		{4B691C2E-F524-4A8E-9153-9A773B3A066D}.Release|x64.Build.0 = Release|x64
		{4B691C2E-F524-4A8E-9153-9A773B3A066D}.Release|x86.ActiveCfg = Release|Win32
		{4B691C2E-F524-4A8E-9153-9A773B3A066D}.Release|x86.Build.0 = Release|Win32
		{2BF10202-32EF-4300-A09A-76C5235B01D3}.Debug|x64.ActiveCfg = Debug|x64
		{2BF10202-32EF-4300-A09A-76C5235B01D3}.Debug|x64.Build.0 = Debug|x64
		{2BF10202-32EF-4300-A09A-76C5235B01D3}.Debug|x86.ActiveCfg = Debug|Win32
		{2BF10202-32EF-4300-A09A-76C5235B01D3}.Debug|x86.Build.0 = Debug|Win32
		{2BF10202-32EF-4300-A09A-76C5235B01D3}.Release|x64.ActiveCfg = Release|x64
		{2BF10202-32EF-4300-A09A-76C5235B01D3}.Release|x64.Build.0 = Release|x64
		{2BF10202-32EF-4300-A09A-76C5235B01D3}.Release|x86.ActiveCfg = Release|Win32
		{2BF10202-32EF-4300-A09A-76C5235B01D3}.Release|x86.Build.0 = Release|Win32
		{11E9F99B-8A02-4570-BE84-40FC7DA7A26C}.Debug|x64.ActiveCfg = Debug|x64
		{11E9F99B-8A02-4570-BE84-40FC7DA7A26C}.Debug|x64.Build.0 = Debug|x64
		{11E9F99B-8A02-4570-BE84-40FC7DA7A26C}.Debug|x86.ActiveCfg = Debug|Win32
		{11E9F99B-8A02-4570-BE84-40FC7DA7A26C}.Debug|x86.Build.0 = Debug|Win32
		{11E9F99B-8A02-4570-BE84-40FC7DA7A26C}.Release|x64.ActiveCfg = Release|x64
		{11E9F99B-8A02-4570-BE84-40FC7DA7A26C}.Release|x64.Build.0 = Release|x64
		{11E9F99B-8A02-4570-BE84-40FC7DA7A26C}.Release|x86.ActiveCfg = Release|Win32
		{11E9F99B-8A02-4570-BE84-40FC7DA7A26C}.Release|x86.Build.0 = Release|Win32
		{F940056C-9229-48FC-A432-5EFD56F4A49B}.Debug|x64.ActiveCfg = Debug|x64
		{F940056C-9229-48FC-A432-5EFD56F4A49B}.Debug|x64.Build.0 = Debug|x64
		{F940056C-9229-48FC-A432-5EFD56F4A49B}.Debug|x86.ActiveCfg = Debug|Win32
		{F940056C-9229-48FC-A432-5EFD56F4A49B}.Debug|x86.Build.0 = Debug|Win32
		{F940056C-9229-48FC-A432-5EFD56F4A49B}.Release|x64.ActiveCfg = Release|x64
		{F940056C-9229-48FC-A432-5EFD56F4A49B}.Release|x64.Build.0 = Release|x64
		{F940056C-9229-48FC-A432-5EFD56F4A49B}.Release|x86.ActiveCfg = Release|Win32
		{F940056C-9229-48FC-A432-5EFD56F4A49B}.Release|x86.Build.0 = Release|Win32
		{7C251282-BE95-43E6-997E-A38ECC78505E}.Debug|x64.ActiveCfg = Debug|x64
		{7C251282-BE95-43E6-997E-A38ECC78505E}.Debug|x64.Build.0 = Debug|x64
		{7C251282-BE95-43E6-997E-A38ECC78505E}.Debug|x86.ActiveCfg = Debug|Win32
		{7C251282-BE95-43E6-997E-A38ECC78505E}.Debug|x86.Build.0 = Debug|Win32
		{7C251282-BE95-43E6-997E-A38ECC78505E}.Release|x64.ActiveCfg = Release|x64
		{7C251282-BE95-43E6-997E-A38ECC78505E}.Release|x64.Build.0 = Release|x64
		{7C251282-BE95-43E6-997E-A38ECC78505E}.Release|x86.ActiveCfg = Release|Win32
		{7C251282-BE95-43E6-997E-A38ECC78505E}.Release|x86.Build.0 = Release|Win32
		{11AD4D4D-94D6-4470-90AB-D4350BC66F42}.Debug|x64.ActiveCfg = Debug|x64
		{11AD4D4D-94D6-4470-90AB-D4350BC66F42}.Debug|x64.Build.0 = Debug|x64
		{11AD4D4D-94D6-4470-90AB-D4350BC66F42}.Debug|x86.ActiveCfg = Debug|Win32
		{11AD4D4D-94D6-4470-90AB-D4350BC66F42}.Debug|x86.Build.0 = Debug|Win32
		{11AD4D4D-94D6-4470-90AB-D4350BC66F42}.Release|x64.ActiveCfg = Release|x64
		{11AD4D4D-94D6-4470-90AB-D4350BC66F42}.Release|x64.Build.0 = Release|x64
		{11AD4D4D-94D6-4470-90AB-D4350BC66F42}.Release|x86.ActiveCfg = Release|Win32
		{11AD4D4D-94D6-4470-90AB-D4350BC66F42}.Release|x86.Build.0 = Release|Win32
	EndGlobalSection
	GlobalSection(SolutionProperties) = preSolution
		HideSolutionNode = FALSE
	EndGlobalSection
	GlobalSection(ExtensibilityGlobals) = postSolution
		SolutionGuid = {A6E19C6E-3E59-484A-ACA8-63B45EE51A33}
	EndGlobalSection
EndGlobal
