
Microsoft Visual Studio Solution File, Format Version 12.00
# Visual Studio Version 17
VisualStudioVersion = 17.7.34221.43
MinimumVisualStudioVersion = 10.0.40219.1
Project("{8BC9CEB8-8B4A-11D0-8D11-00A0C91BC942}") = "vector", "vector\vector.vcxproj", "{DA3D8741-541A-4EFD-B81E-5878E0C6E8BC}"
EndProject
Project("{8BC9CEB8-8B4A-11D0-8D11-00A0C91BC942}") = "复数类", "复数类\复数类.vcxproj", "{CA982ABC-664E-4F51-9DBC-668B6349ABD8}"
EndProject
Project("{8BC9CEB8-8B4A-11D0-8D11-00A0C91BC942}") = "string类", "string类\string类.vcxproj", "{1BFDAADB-7CDE-4579-B1C5-5A1F66A536D5}"
EndProject
Project("{8BC9CEB8-8B4A-11D0-8D11-00A0C91BC942}") = "string类的iterator", "string类的iterator\string类的iterator.vcxproj", "{8134960E-F33E-4D60-A758-15EE189B66B0}"
EndProject
Project("{8BC9CEB8-8B4A-11D0-8D11-00A0C91BC942}") = "vector带iterator", "vector带iterator\vector带iterator.vcxproj", "{4B691C2E-F524-4A8E-9153-9A773B3A066D}"
EndProject
Project("{8BC9CEB8-8B4A-11D0-8D11-00A0C91BC942}") = "迭代器失效(vector)", "迭代器失效(vector)\迭代器失效(vector).vcxproj", "{2BF10202-32EF-4300-A09A-76C5235B01D3}"
EndProject
Project("{8BC9CEB8-8B4A-11D0-8D11-00A0C91BC942}") = "new和delete", "new和delete\new和delete.vcxproj", "{11E9F99B-8A02-4570-BE84-40FC7DA7A26C}"
EndProject
Project("{8BC9CEB8-8B4A-11D0-8D11-00A0C91BC942}") = "new和delete重载实现对象池", "new和delete重载实现对象池\new和delete重载实现对象池.vcxproj", "{F940056C-9229-48FC-A432-5EFD56F4A49B}"
EndProject
Project("{8BC9CEB8-8B4A-11D0-8D11-00A0C91BC942}") = "虚函数、静态绑定、动态绑定", "虚函数、静态绑定、动态绑定\虚函数、静态绑定、动态绑定.vcxproj", "{7C251282-BE95-43E6-997E-A38ECC78505E}"
EndProject
Project("{8BC9CEB8-8B4A-11D0-8D11-00A0C91BC942}") = "虚析构函数", "虚析构函数\虚析构函数.vcxproj", "{11AD4D4D-94D6-4470-90AB-D4350BC66F42}"
EndProject
Project("{8BC9CEB8-8B4A-11D0-8D11-00A0C91BC942}") = "多态", "多态\多态.vcxproj", "{3BD71A2C-5335-43E4-80F7-A8ACE801EAB2}"
EndProject
Project("{8BC9CEB8-8B4A-11D0-8D11-00A0C91BC942}") = "抽象类", "抽象类\抽象类.vcxproj", "{3B63E4CE-5EE2-45A2-BFB3-070C43804651}"
EndProject
Project("{8BC9CEB8-8B4A-11D0-8D11-00A0C91BC942}") = "笔试题", "笔试题\笔试题.vcxproj", "{DFA06722-3C74-4B26-99E8-86996445AE61}"
EndProject
Project("{8BC9CEB8-8B4A-11D0-8D11-00A0C91BC942}") = "虚基类和虚继承", "虚基类和虚继承\虚基类和虚继承.vcxproj", "{5AD65FD3-07BB-4C36-A28C-95976A88B7F4}"
EndProject
Project("{8BC9CEB8-8B4A-11D0-8D11-00A0C91BC942}") = "四种类型转换", "四种类型转换\四种类型转换.vcxproj", "{3F98BD99-BBF6-4EC9-B0A7-1A16334191D8}"
EndProject
Project("{8BC9CEB8-8B4A-11D0-8D11-00A0C91BC942}") = "vector详解", "vector详解\vector详解.vcxproj", "{A9BB58B0-4787-4244-A5EC-5A6D8ED6F692}"
EndProject
Project("{8BC9CEB8-8B4A-11D0-8D11-00A0C91BC942}") = "详解容器适配器", "详解容器适配器\详解容器适配器.vcxproj", "{F6A21BA5-FF7C-4689-8FDC-1E96E1453D23}"
EndProject
Project("{8BC9CEB8-8B4A-11D0-8D11-00A0C91BC942}") = "函数对象", "函数对象\函数对象.vcxproj", "{FA36DBEE-787E-460A-9F9F-BDEFB8159A39}"
EndProject
Project("{8BC9CEB8-8B4A-11D0-8D11-00A0C91BC942}") = "对象的优化01", "对象使用过程中调用了哪些方法\对象使用过程中调用了哪些方法.vcxproj", "{2B809C6C-662A-4248-AB1A-CCC397E7AD1B}"
EndProject
Project("{8BC9CEB8-8B4A-11D0-8D11-00A0C91BC942}") = "对象优化02", "对象优化02\对象优化02.vcxproj", "{AF0445D6-88BC-45BB-B144-6DB1A3FB6BDF}"
EndProject
Project("{8BC9CEB8-8B4A-11D0-8D11-00A0C91BC942}") = "右值引用成员参数的方法01", "右值引用成员参数的方法01\右值引用成员参数的方法01.vcxproj", "{824DEC5A-81D5-461D-A1D1-6B18B7F75B5B}"
EndProject
Project("{8BC9CEB8-8B4A-11D0-8D11-00A0C91BC942}") = "移动语义和类型完美转发", "移动语义和类型完美转发\移动语义和类型完美转发.vcxproj", "{9FBA4BBB-CCD2-458A-A31D-0D88EC0830F1}"
EndProject
Project("{8BC9CEB8-8B4A-11D0-8D11-00A0C91BC942}") = "智能指针-基础", "智能指针-基础\智能指针-基础.vcxproj", "{E1363919-C472-4CFB-B005-9C4FE9510C80}"
EndProject
Project("{8BC9CEB8-8B4A-11D0-8D11-00A0C91BC942}") = "强智能指针的交叉引用问题", "强智能指针的交叉引用问题\强智能指针的交叉引用问题.vcxproj", "{18E0E580-3F2B-4B25-9517-4F04AFF98581}"
EndProject
Project("{8BC9CEB8-8B4A-11D0-8D11-00A0C91BC942}") = "多线程访问共享对象的线程安全问题", "多线程访问共享对象的线程安全问题\多线程访问共享对象的线程安全问题.vcxproj", "{7108E54B-F612-4104-8238-321B00121232}"
EndProject
Project("{8BC9CEB8-8B4A-11D0-8D11-00A0C91BC942}") = "删除器", "删除器\删除器.vcxproj", "{ACDB95BA-3572-400C-B6AD-C7FEB004FC85}"
EndProject
Global
	GlobalSection(SolutionConfigurationPlatforms) = preSolution
		Debug|x64 = Debug|x64
		Debug|x86 = Debug|x86
		Release|x64 = Release|x64
		Release|x86 = Release|x86
	EndGlobalSection
	GlobalSection(ProjectConfigurationPlatforms) = postSolution
		{DA3D8741-541A-4EFD-B81E-5878E0C6E8BC}.Debug|x64.ActiveCfg = Debug|x64
		{DA3D8741-541A-4EFD-B81E-5878E0C6E8BC}.Debug|x64.Build.0 = Debug|x64
		{DA3D8741-541A-4EFD-B81E-5878E0C6E8BC}.Debug|x86.ActiveCfg = Debug|Win32
		{DA3D8741-541A-4EFD-B81E-5878E0C6E8BC}.Debug|x86.Build.0 = Debug|Win32
		{DA3D8741-541A-4EFD-B81E-5878E0C6E8BC}.Release|x64.ActiveCfg = Release|x64
		{DA3D8741-541A-4EFD-B81E-5878E0C6E8BC}.Release|x64.Build.0 = Release|x64
		{DA3D8741-541A-4EFD-B81E-5878E0C6E8BC}.Release|x86.ActiveCfg = Release|Win32
		{DA3D8741-541A-4EFD-B81E-5878E0C6E8BC}.Release|x86.Build.0 = Release|Win32
		{CA982ABC-664E-4F51-9DBC-668B6349ABD8}.Debug|x64.ActiveCfg = Debug|x64
		{CA982ABC-664E-4F51-9DBC-668B6349ABD8}.Debug|x64.Build.0 = Debug|x64
		{CA982ABC-664E-4F51-9DBC-668B6349ABD8}.Debug|x86.ActiveCfg = Debug|Win32
		{CA982ABC-664E-4F51-9DBC-668B6349ABD8}.Debug|x86.Build.0 = Debug|Win32
		{CA982ABC-664E-4F51-9DBC-668B6349ABD8}.Release|x64.ActiveCfg = Release|x64
		{CA982ABC-664E-4F51-9DBC-668B6349ABD8}.Release|x64.Build.0 = Release|x64
		{CA982ABC-664E-4F51-9DBC-668B6349ABD8}.Release|x86.ActiveCfg = Release|Win32
		{CA982ABC-664E-4F51-9DBC-668B6349ABD8}.Release|x86.Build.0 = Release|Win32
		{1BFDAADB-7CDE-4579-B1C5-5A1F66A536D5}.Debug|x64.ActiveCfg = Debug|x64
		{1BFDAADB-7CDE-4579-B1C5-5A1F66A536D5}.Debug|x64.Build.0 = Debug|x64
		{1BFDAADB-7CDE-4579-B1C5-5A1F66A536D5}.Debug|x86.ActiveCfg = Debug|Win32
		{1BFDAADB-7CDE-4579-B1C5-5A1F66A536D5}.Debug|x86.Build.0 = Debug|Win32
		{1BFDAADB-7CDE-4579-B1C5-5A1F66A536D5}.Release|x64.ActiveCfg = Release|x64
		{1BFDAADB-7CDE-4579-B1C5-5A1F66A536D5}.Release|x64.Build.0 = Release|x64
		{1BFDAADB-7CDE-4579-B1C5-5A1F66A536D5}.Release|x86.ActiveCfg = Release|Win32
		{1BFDAADB-7CDE-4579-B1C5-5A1F66A536D5}.Release|x86.Build.0 = Release|Win32
		{8134960E-F33E-4D60-A758-15EE189B66B0}.Debug|x64.ActiveCfg = Debug|x64
		{8134960E-F33E-4D60-A758-15EE189B66B0}.Debug|x64.Build.0 = Debug|x64
		{8134960E-F33E-4D60-A758-15EE189B66B0}.Debug|x86.ActiveCfg = Debug|Win32
		{8134960E-F33E-4D60-A758-15EE189B66B0}.Debug|x86.Build.0 = Debug|Win32
		{8134960E-F33E-4D60-A758-15EE189B66B0}.Release|x64.ActiveCfg = Release|x64
		{8134960E-F33E-4D60-A758-15EE189B66B0}.Release|x64.Build.0 = Release|x64
		{8134960E-F33E-4D60-A758-15EE189B66B0}.Release|x86.ActiveCfg = Release|Win32
		{8134960E-F33E-4D60-A758-15EE189B66B0}.Release|x86.Build.0 = Release|Win32
		{4B691C2E-F524-4A8E-9153-9A773B3A066D}.Debug|x64.ActiveCfg = Debug|x64
		{4B691C2E-F524-4A8E-9153-9A773B3A066D}.Debug|x64.Build.0 = Debug|x64
		{4B691C2E-F524-4A8E-9153-9A773B3A066D}.Debug|x86.ActiveCfg = Debug|Win32
		{4B691C2E-F524-4A8E-9153-9A773B3A066D}.Debug|x86.Build.0 = Debug|Win32
		{4B691C2E-F524-4A8E-9153-9A773B3A066D}.Release|x64.ActiveCfg = Release|x64
		{4B691C2E-F524-4A8E-9153-9A773B3A066D}.Release|x64.Build.0 = Release|x64
		{4B691C2E-F524-4A8E-9153-9A773B3A066D}.Release|x86.ActiveCfg = Release|Win32
		{4B691C2E-F524-4A8E-9153-9A773B3A066D}.Release|x86.Build.0 = Release|Win32
		{2BF10202-32EF-4300-A09A-76C5235B01D3}.Debug|x64.ActiveCfg = Debug|x64
		{2BF10202-32EF-4300-A09A-76C5235B01D3}.Debug|x64.Build.0 = Debug|x64
		{2BF10202-32EF-4300-A09A-76C5235B01D3}.Debug|x86.ActiveCfg = Debug|Win32
		{2BF10202-32EF-4300-A09A-76C5235B01D3}.Debug|x86.Build.0 = Debug|Win32
		{2BF10202-32EF-4300-A09A-76C5235B01D3}.Release|x64.ActiveCfg = Release|x64
		{2BF10202-32EF-4300-A09A-76C5235B01D3}.Release|x64.Build.0 = Release|x64
		{2BF10202-32EF-4300-A09A-76C5235B01D3}.Release|x86.ActiveCfg = Release|Win32
		{2BF10202-32EF-4300-A09A-76C5235B01D3}.Release|x86.Build.0 = Release|Win32
		{11E9F99B-8A02-4570-BE84-40FC7DA7A26C}.Debug|x64.ActiveCfg = Debug|x64
		{11E9F99B-8A02-4570-BE84-40FC7DA7A26C}.Debug|x64.Build.0 = Debug|x64
		{11E9F99B-8A02-4570-BE84-40FC7DA7A26C}.Debug|x86.ActiveCfg = Debug|Win32
		{11E9F99B-8A02-4570-BE84-40FC7DA7A26C}.Debug|x86.Build.0 = Debug|Win32
		{11E9F99B-8A02-4570-BE84-40FC7DA7A26C}.Release|x64.ActiveCfg = Release|x64
		{11E9F99B-8A02-4570-BE84-40FC7DA7A26C}.Release|x64.Build.0 = Release|x64
		{11E9F99B-8A02-4570-BE84-40FC7DA7A26C}.Release|x86.ActiveCfg = Release|Win32
		{11E9F99B-8A02-4570-BE84-40FC7DA7A26C}.Release|x86.Build.0 = Release|Win32
		{F940056C-9229-48FC-A432-5EFD56F4A49B}.Debug|x64.ActiveCfg = Debug|x64
		{F940056C-9229-48FC-A432-5EFD56F4A49B}.Debug|x64.Build.0 = Debug|x64
		{F940056C-9229-48FC-A432-5EFD56F4A49B}.Debug|x86.ActiveCfg = Debug|Win32
		{F940056C-9229-48FC-A432-5EFD56F4A49B}.Debug|x86.Build.0 = Debug|Win32
		{F940056C-9229-48FC-A432-5EFD56F4A49B}.Release|x64.ActiveCfg = Release|x64
		{F940056C-9229-48FC-A432-5EFD56F4A49B}.Release|x64.Build.0 = Release|x64
		{F940056C-9229-48FC-A432-5EFD56F4A49B}.Release|x86.ActiveCfg = Release|Win32
		{F940056C-9229-48FC-A432-5EFD56F4A49B}.Release|x86.Build.0 = Release|Win32
		{7C251282-BE95-43E6-997E-A38ECC78505E}.Debug|x64.ActiveCfg = Debug|x64
		{7C251282-BE95-43E6-997E-A38ECC78505E}.Debug|x64.Build.0 = Debug|x64
		{7C251282-BE95-43E6-997E-A38ECC78505E}.Debug|x86.ActiveCfg = Debug|Win32
		{7C251282-BE95-43E6-997E-A38ECC78505E}.Debug|x86.Build.0 = Debug|Win32
		{7C251282-BE95-43E6-997E-A38ECC78505E}.Release|x64.ActiveCfg = Release|x64
		{7C251282-BE95-43E6-997E-A38ECC78505E}.Release|x64.Build.0 = Release|x64
		{7C251282-BE95-43E6-997E-A38ECC78505E}.Release|x86.ActiveCfg = Release|Win32
		{7C251282-BE95-43E6-997E-A38ECC78505E}.Release|x86.Build.0 = Release|Win32
		{11AD4D4D-94D6-4470-90AB-D4350BC66F42}.Debug|x64.ActiveCfg = Debug|x64
		{11AD4D4D-94D6-4470-90AB-D4350BC66F42}.Debug|x64.Build.0 = Debug|x64
		{11AD4D4D-94D6-4470-90AB-D4350BC66F42}.Debug|x86.ActiveCfg = Debug|Win32
		{11AD4D4D-94D6-4470-90AB-D4350BC66F42}.Debug|x86.Build.0 = Debug|Win32
		{11AD4D4D-94D6-4470-90AB-D4350BC66F42}.Release|x64.ActiveCfg = Release|x64
		{11AD4D4D-94D6-4470-90AB-D4350BC66F42}.Release|x64.Build.0 = Release|x64
		{11AD4D4D-94D6-4470-90AB-D4350BC66F42}.Release|x86.ActiveCfg = Release|Win32
		{11AD4D4D-94D6-4470-90AB-D4350BC66F42}.Release|x86.Build.0 = Release|Win32
		{3BD71A2C-5335-43E4-80F7-A8ACE801EAB2}.Debug|x64.ActiveCfg = Debug|x64
		{3BD71A2C-5335-43E4-80F7-A8ACE801EAB2}.Debug|x64.Build.0 = Debug|x64
		{3BD71A2C-5335-43E4-80F7-A8ACE801EAB2}.Debug|x86.ActiveCfg = Debug|Win32
		{3BD71A2C-5335-43E4-80F7-A8ACE801EAB2}.Debug|x86.Build.0 = Debug|Win32
		{3BD71A2C-5335-43E4-80F7-A8ACE801EAB2}.Release|x64.ActiveCfg = Release|x64
		{3BD71A2C-5335-43E4-80F7-A8ACE801EAB2}.Release|x64.Build.0 = Release|x64
		{3BD71A2C-5335-43E4-80F7-A8ACE801EAB2}.Release|x86.ActiveCfg = Release|Win32
		{3BD71A2C-5335-43E4-80F7-A8ACE801EAB2}.Release|x86.Build.0 = Release|Win32
		{3B63E4CE-5EE2-45A2-BFB3-070C43804651}.Debug|x64.ActiveCfg = Debug|x64
		{3B63E4CE-5EE2-45A2-BFB3-070C43804651}.Debug|x64.Build.0 = Debug|x64
		{3B63E4CE-5EE2-45A2-BFB3-070C43804651}.Debug|x86.ActiveCfg = Debug|Win32
		{3B63E4CE-5EE2-45A2-BFB3-070C43804651}.Debug|x86.Build.0 = Debug|Win32
		{3B63E4CE-5EE2-45A2-BFB3-070C43804651}.Release|x64.ActiveCfg = Release|x64
		{3B63E4CE-5EE2-45A2-BFB3-070C43804651}.Release|x64.Build.0 = Release|x64
		{3B63E4CE-5EE2-45A2-BFB3-070C43804651}.Release|x86.ActiveCfg = Release|Win32
		{3B63E4CE-5EE2-45A2-BFB3-070C43804651}.Release|x86.Build.0 = Release|Win32
		{DFA06722-3C74-4B26-99E8-86996445AE61}.Debug|x64.ActiveCfg = Debug|x64
		{DFA06722-3C74-4B26-99E8-86996445AE61}.Debug|x64.Build.0 = Debug|x64
		{DFA06722-3C74-4B26-99E8-86996445AE61}.Debug|x86.ActiveCfg = Debug|Win32
		{DFA06722-3C74-4B26-99E8-86996445AE61}.Debug|x86.Build.0 = Debug|Win32
		{DFA06722-3C74-4B26-99E8-86996445AE61}.Release|x64.ActiveCfg = Release|x64
		{DFA06722-3C74-4B26-99E8-86996445AE61}.Release|x64.Build.0 = Release|x64
		{DFA06722-3C74-4B26-99E8-86996445AE61}.Release|x86.ActiveCfg = Release|Win32
		{DFA06722-3C74-4B26-99E8-86996445AE61}.Release|x86.Build.0 = Release|Win32
		{5AD65FD3-07BB-4C36-A28C-95976A88B7F4}.Debug|x64.ActiveCfg = Debug|x64
		{5AD65FD3-07BB-4C36-A28C-95976A88B7F4}.Debug|x64.Build.0 = Debug|x64
		{5AD65FD3-07BB-4C36-A28C-95976A88B7F4}.Debug|x86.ActiveCfg = Debug|Win32
		{5AD65FD3-07BB-4C36-A28C-95976A88B7F4}.Debug|x86.Build.0 = Debug|Win32
		{5AD65FD3-07BB-4C36-A28C-95976A88B7F4}.Release|x64.ActiveCfg = Release|x64
		{5AD65FD3-07BB-4C36-A28C-95976A88B7F4}.Release|x64.Build.0 = Release|x64
		{5AD65FD3-07BB-4C36-A28C-95976A88B7F4}.Release|x86.ActiveCfg = Release|Win32
		{5AD65FD3-07BB-4C36-A28C-95976A88B7F4}.Release|x86.Build.0 = Release|Win32
		{3F98BD99-BBF6-4EC9-B0A7-1A16334191D8}.Debug|x64.ActiveCfg = Debug|x64
		{3F98BD99-BBF6-4EC9-B0A7-1A16334191D8}.Debug|x64.Build.0 = Debug|x64
		{3F98BD99-BBF6-4EC9-B0A7-1A16334191D8}.Debug|x86.ActiveCfg = Debug|Win32
		{3F98BD99-BBF6-4EC9-B0A7-1A16334191D8}.Debug|x86.Build.0 = Debug|Win32
		{3F98BD99-BBF6-4EC9-B0A7-1A16334191D8}.Release|x64.ActiveCfg = Release|x64
		{3F98BD99-BBF6-4EC9-B0A7-1A16334191D8}.Release|x64.Build.0 = Release|x64
		{3F98BD99-BBF6-4EC9-B0A7-1A16334191D8}.Release|x86.ActiveCfg = Release|Win32
		{3F98BD99-BBF6-4EC9-B0A7-1A16334191D8}.Release|x86.Build.0 = Release|Win32
		{A9BB58B0-4787-4244-A5EC-5A6D8ED6F692}.Debug|x64.ActiveCfg = Debug|x64
		{A9BB58B0-4787-4244-A5EC-5A6D8ED6F692}.Debug|x64.Build.0 = Debug|x64
		{A9BB58B0-4787-4244-A5EC-5A6D8ED6F692}.Debug|x86.ActiveCfg = Debug|Win32
		{A9BB58B0-4787-4244-A5EC-5A6D8ED6F692}.Debug|x86.Build.0 = Debug|Win32
		{A9BB58B0-4787-4244-A5EC-5A6D8ED6F692}.Release|x64.ActiveCfg = Release|x64
		{A9BB58B0-4787-4244-A5EC-5A6D8ED6F692}.Release|x64.Build.0 = Release|x64
		{A9BB58B0-4787-4244-A5EC-5A6D8ED6F692}.Release|x86.ActiveCfg = Release|Win32
		{A9BB58B0-4787-4244-A5EC-5A6D8ED6F692}.Release|x86.Build.0 = Release|Win32
		{F6A21BA5-FF7C-4689-8FDC-1E96E1453D23}.Debug|x64.ActiveCfg = Debug|x64
		{F6A21BA5-FF7C-4689-8FDC-1E96E1453D23}.Debug|x64.Build.0 = Debug|x64
		{F6A21BA5-FF7C-4689-8FDC-1E96E1453D23}.Debug|x86.ActiveCfg = Debug|Win32
		{F6A21BA5-FF7C-4689-8FDC-1E96E1453D23}.Debug|x86.Build.0 = Debug|Win32
		{F6A21BA5-FF7C-4689-8FDC-1E96E1453D23}.Release|x64.ActiveCfg = Release|x64
		{F6A21BA5-FF7C-4689-8FDC-1E96E1453D23}.Release|x64.Build.0 = Release|x64
		{F6A21BA5-FF7C-4689-8FDC-1E96E1453D23}.Release|x86.ActiveCfg = Release|Win32
		{F6A21BA5-FF7C-4689-8FDC-1E96E1453D23}.Release|x86.Build.0 = Release|Win32
		{FA36DBEE-787E-460A-9F9F-BDEFB8159A39}.Debug|x64.ActiveCfg = Debug|x64
		{FA36DBEE-787E-460A-9F9F-BDEFB8159A39}.Debug|x64.Build.0 = Debug|x64
		{FA36DBEE-787E-460A-9F9F-BDEFB8159A39}.Debug|x86.ActiveCfg = Debug|Win32
		{FA36DBEE-787E-460A-9F9F-BDEFB8159A39}.Debug|x86.Build.0 = Debug|Win32
		{FA36DBEE-787E-460A-9F9F-BDEFB8159A39}.Release|x64.ActiveCfg = Release|x64
		{FA36DBEE-787E-460A-9F9F-BDEFB8159A39}.Release|x64.Build.0 = Release|x64
		{FA36DBEE-787E-460A-9F9F-BDEFB8159A39}.Release|x86.ActiveCfg = Release|Win32
		{FA36DBEE-787E-460A-9F9F-BDEFB8159A39}.Release|x86.Build.0 = Release|Win32
		{2B809C6C-662A-4248-AB1A-CCC397E7AD1B}.Debug|x64.ActiveCfg = Debug|x64
		{2B809C6C-662A-4248-AB1A-CCC397E7AD1B}.Debug|x64.Build.0 = Debug|x64
		{2B809C6C-662A-4248-AB1A-CCC397E7AD1B}.Debug|x86.ActiveCfg = Debug|Win32
		{2B809C6C-662A-4248-AB1A-CCC397E7AD1B}.Debug|x86.Build.0 = Debug|Win32
		{2B809C6C-662A-4248-AB1A-CCC397E7AD1B}.Release|x64.ActiveCfg = Release|x64
		{2B809C6C-662A-4248-AB1A-CCC397E7AD1B}.Release|x64.Build.0 = Release|x64
		{2B809C6C-662A-4248-AB1A-CCC397E7AD1B}.Release|x86.ActiveCfg = Release|Win32
		{2B809C6C-662A-4248-AB1A-CCC397E7AD1B}.Release|x86.Build.0 = Release|Win32
		{AF0445D6-88BC-45BB-B144-6DB1A3FB6BDF}.Debug|x64.ActiveCfg = Debug|x64
		{AF0445D6-88BC-45BB-B144-6DB1A3FB6BDF}.Debug|x64.Build.0 = Debug|x64
		{AF0445D6-88BC-45BB-B144-6DB1A3FB6BDF}.Debug|x86.ActiveCfg = Debug|Win32
		{AF0445D6-88BC-45BB-B144-6DB1A3FB6BDF}.Debug|x86.Build.0 = Debug|Win32
		{AF0445D6-88BC-45BB-B144-6DB1A3FB6BDF}.Release|x64.ActiveCfg = Release|x64
		{AF0445D6-88BC-45BB-B144-6DB1A3FB6BDF}.Release|x64.Build.0 = Release|x64
		{AF0445D6-88BC-45BB-B144-6DB1A3FB6BDF}.Release|x86.ActiveCfg = Release|Win32
		{AF0445D6-88BC-45BB-B144-6DB1A3FB6BDF}.Release|x86.Build.0 = Release|Win32
		{824DEC5A-81D5-461D-A1D1-6B18B7F75B5B}.Debug|x64.ActiveCfg = Debug|x64
		{824DEC5A-81D5-461D-A1D1-6B18B7F75B5B}.Debug|x64.Build.0 = Debug|x64
		{824DEC5A-81D5-461D-A1D1-6B18B7F75B5B}.Debug|x86.ActiveCfg = Debug|Win32
		{824DEC5A-81D5-461D-A1D1-6B18B7F75B5B}.Debug|x86.Build.0 = Debug|Win32
		{824DEC5A-81D5-461D-A1D1-6B18B7F75B5B}.Release|x64.ActiveCfg = Release|x64
		{824DEC5A-81D5-461D-A1D1-6B18B7F75B5B}.Release|x64.Build.0 = Release|x64
		{824DEC5A-81D5-461D-A1D1-6B18B7F75B5B}.Release|x86.ActiveCfg = Release|Win32
		{824DEC5A-81D5-461D-A1D1-6B18B7F75B5B}.Release|x86.Build.0 = Release|Win32
		{9FBA4BBB-CCD2-458A-A31D-0D88EC0830F1}.Debug|x64.ActiveCfg = Debug|x64
		{9FBA4BBB-CCD2-458A-A31D-0D88EC0830F1}.Debug|x64.Build.0 = Debug|x64
		{9FBA4BBB-CCD2-458A-A31D-0D88EC0830F1}.Debug|x86.ActiveCfg = Debug|Win32
		{9FBA4BBB-CCD2-458A-A31D-0D88EC0830F1}.Debug|x86.Build.0 = Debug|Win32
		{9FBA4BBB-CCD2-458A-A31D-0D88EC0830F1}.Release|x64.ActiveCfg = Release|x64
		{9FBA4BBB-CCD2-458A-A31D-0D88EC0830F1}.Release|x64.Build.0 = Release|x64
		{9FBA4BBB-CCD2-458A-A31D-0D88EC0830F1}.Release|x86.ActiveCfg = Release|Win32
		{9FBA4BBB-CCD2-458A-A31D-0D88EC0830F1}.Release|x86.Build.0 = Release|Win32
		{E1363919-C472-4CFB-B005-9C4FE9510C80}.Debug|x64.ActiveCfg = Debug|x64
		{E1363919-C472-4CFB-B005-9C4FE9510C80}.Debug|x64.Build.0 = Debug|x64
		{E1363919-C472-4CFB-B005-9C4FE9510C80}.Debug|x86.ActiveCfg = Debug|Win32
		{E1363919-C472-4CFB-B005-9C4FE9510C80}.Debug|x86.Build.0 = Debug|Win32
		{E1363919-C472-4CFB-B005-9C4FE9510C80}.Release|x64.ActiveCfg = Release|x64
		{E1363919-C472-4CFB-B005-9C4FE9510C80}.Release|x64.Build.0 = Release|x64
		{E1363919-C472-4CFB-B005-9C4FE9510C80}.Release|x86.ActiveCfg = Release|Win32
		{E1363919-C472-4CFB-B005-9C4FE9510C80}.Release|x86.Build.0 = Release|Win32
		{18E0E580-3F2B-4B25-9517-4F04AFF98581}.Debug|x64.ActiveCfg = Debug|x64
		{18E0E580-3F2B-4B25-9517-4F04AFF98581}.Debug|x64.Build.0 = Debug|x64
		{18E0E580-3F2B-4B25-9517-4F04AFF98581}.Debug|x86.ActiveCfg = Debug|Win32
		{18E0E580-3F2B-4B25-9517-4F04AFF98581}.Debug|x86.Build.0 = Debug|Win32
		{18E0E580-3F2B-4B25-9517-4F04AFF98581}.Release|x64.ActiveCfg = Release|x64
		{18E0E580-3F2B-4B25-9517-4F04AFF98581}.Release|x64.Build.0 = Release|x64
		{18E0E580-3F2B-4B25-9517-4F04AFF98581}.Release|x86.ActiveCfg = Release|Win32
		{18E0E580-3F2B-4B25-9517-4F04AFF98581}.Release|x86.Build.0 = Release|Win32
		{7108E54B-F612-4104-8238-321B00121232}.Debug|x64.ActiveCfg = Debug|x64
		{7108E54B-F612-4104-8238-321B00121232}.Debug|x64.Build.0 = Debug|x64
		{7108E54B-F612-4104-8238-321B00121232}.Debug|x86.ActiveCfg = Debug|Win32
		{7108E54B-F612-4104-8238-321B00121232}.Debug|x86.Build.0 = Debug|Win32
		{7108E54B-F612-4104-8238-321B00121232}.Release|x64.ActiveCfg = Release|x64
		{7108E54B-F612-4104-8238-321B00121232}.Release|x64.Build.0 = Release|x64
		{7108E54B-F612-4104-8238-321B00121232}.Release|x86.ActiveCfg = Release|Win32
		{7108E54B-F612-4104-8238-321B00121232}.Release|x86.Build.0 = Release|Win32
		{ACDB95BA-3572-400C-B6AD-C7FEB004FC85}.Debug|x64.ActiveCfg = Debug|x64
		{ACDB95BA-3572-400C-B6AD-C7FEB004FC85}.Debug|x64.Build.0 = Debug|x64
		{ACDB95BA-3572-400C-B6AD-C7FEB004FC85}.Debug|x86.ActiveCfg = Debug|Win32
		{ACDB95BA-3572-400C-B6AD-C7FEB004FC85}.Debug|x86.Build.0 = Debug|Win32
		{ACDB95BA-3572-400C-B6AD-C7FEB004FC85}.Release|x64.ActiveCfg = Release|x64
		{ACDB95BA-3572-400C-B6AD-C7FEB004FC85}.Release|x64.Build.0 = Release|x64
		{ACDB95BA-3572-400C-B6AD-C7FEB004FC85}.Release|x86.ActiveCfg = Release|Win32
		{ACDB95BA-3572-400C-B6AD-C7FEB004FC85}.Release|x86.Build.0 = Release|Win32
	EndGlobalSection
	GlobalSection(SolutionProperties) = preSolution
		HideSolutionNode = FALSE
	EndGlobalSection
	GlobalSection(ExtensibilityGlobals) = postSolution
		SolutionGuid = {A6E19C6E-3E59-484A-ACA8-63B45EE51A33}
	EndGlobalSection
EndGlobal
